
Microsoft Visual Studio Solution File, Format Version 12.00
# Visual Studio Version 16
VisualStudioVersion = 16.0.30413.136
MinimumVisualStudioVersion = 10.0.40219.1
Project("{9A19103F-16F7-4668-BE54-9A1E7A4F7556}") = "DKKD.CMS", "DKKD.CMS\DKKD.CMS.csproj", "{2DBCD229-B6DF-439A-85E9-87B61D28A02C}"
EndProject
Project("{9A19103F-16F7-4668-BE54-9A1E7A4F7556}") = "DKKD.DATA", "DKKD.DATA\DKKD.DATA.csproj", "{BEE9AED2-A3F7-4778-BA9B-C6558307D4BB}"
EndProject
Project("{9A19103F-16F7-4668-BE54-9A1E7A4F7556}") = "DKKD.DEPENDENCYIJECTION", "DKKD.DEPENDENCYIJECTION\DKKD.DEPENDENCYIJECTION.csproj", "{589EF96B-22F2-4ACD-A9C4-492918D358FD}"
EndProject
Project("{9A19103F-16F7-4668-BE54-9A1E7A4F7556}") = "DKKD.MANAGER", "DKKD.MANAGER\DKKD.MANAGER.csproj", "{C0A85F43-06EB-41DD-95F9-613099CDE897}"
EndProject
Project("{9A19103F-16F7-4668-BE54-9A1E7A4F7556}") = "DKKD.MODELS", "DKKD.MODELS\DKKD.MODELS.csproj", "{D9C7E6FF-CFA2-497A-94A2-709FB11E2593}"
EndProject
Project("{9A19103F-16F7-4668-BE54-9A1E7A4F7556}") = "DKKD.REPOSITORY", "DKKD.REPOSITORY\DKKD.REPOSITORY.csproj", "{89A64B61-C9D0-4C26-961D-CEF750FE42D3}"
EndProject
Project("{9A19103F-16F7-4668-BE54-9A1E7A4F7556}") = "DKKD.UTILS", "DKKD.UTILS\DKKD.UTILS.csproj", "{AB438AC8-F4F5-486F-8EE8-F0AAFE272F85}"
EndProject
Project("{9A19103F-16F7-4668-BE54-9A1E7A4F7556}") = "DKKD.WEBSITE", "DKKD.WEBSITE\DKKD.WEBSITE.csproj", "{BB618765-6DB5-46E9-BB5A-6BC251E6BA12}"
EndProject
Global
	GlobalSection(SolutionConfigurationPlatforms) = preSolution
		Debug|Any CPU = Debug|Any CPU
		Release|Any CPU = Release|Any CPU
	EndGlobalSection
	GlobalSection(ProjectConfigurationPlatforms) = postSolution
		{2DBCD229-B6DF-439A-85E9-87B61D28A02C}.Debug|Any CPU.ActiveCfg = Debug|Any CPU
		{2DBCD229-B6DF-439A-85E9-87B61D28A02C}.Debug|Any CPU.Build.0 = Debug|Any CPU
		{2DBCD229-B6DF-439A-85E9-87B61D28A02C}.Release|Any CPU.ActiveCfg = Release|Any CPU
		{2DBCD229-B6DF-439A-85E9-87B61D28A02C}.Release|Any CPU.Build.0 = Release|Any CPU
		{BEE9AED2-A3F7-4778-BA9B-C6558307D4BB}.Debug|Any CPU.ActiveCfg = Debug|Any CPU
		{BEE9AED2-A3F7-4778-BA9B-C6558307D4BB}.Debug|Any CPU.Build.0 = Debug|Any CPU
		{BEE9AED2-A3F7-4778-BA9B-C6558307D4BB}.Release|Any CPU.ActiveCfg = Release|Any CPU
		{BEE9AED2-A3F7-4778-BA9B-C6558307D4BB}.Release|Any CPU.Build.0 = Release|Any CPU
		{589EF96B-22F2-4ACD-A9C4-492918D358FD}.Debug|Any CPU.ActiveCfg = Debug|Any CPU
		{589EF96B-22F2-4ACD-A9C4-492918D358FD}.Debug|Any CPU.Build.0 = Debug|Any CPU
		{589EF96B-22F2-4ACD-A9C4-492918D358FD}.Release|Any CPU.ActiveCfg = Release|Any CPU
		{589EF96B-22F2-4ACD-A9C4-492918D358FD}.Release|Any CPU.Build.0 = Release|Any CPU
		{C0A85F43-06EB-41DD-95F9-613099CDE897}.Debug|Any CPU.ActiveCfg = Debug|Any CPU
		{C0A85F43-06EB-41DD-95F9-613099CDE897}.Debug|Any CPU.Build.0 = Debug|Any CPU
		{C0A85F43-06EB-41DD-95F9-613099CDE897}.Release|Any CPU.ActiveCfg = Release|Any CPU
		{C0A85F43-06EB-41DD-95F9-613099CDE897}.Release|Any CPU.Build.0 = Release|Any CPU
		{D9C7E6FF-CFA2-497A-94A2-709FB11E2593}.Debug|Any CPU.ActiveCfg = Debug|Any CPU
		{D9C7E6FF-CFA2-497A-94A2-709FB11E2593}.Debug|Any CPU.Build.0 = Debug|Any CPU
		{D9C7E6FF-CFA2-497A-94A2-709FB11E2593}.Release|Any CPU.ActiveCfg = Release|Any CPU
		{D9C7E6FF-CFA2-497A-94A2-709FB11E2593}.Release|Any CPU.Build.0 = Release|Any CPU
		{89A64B61-C9D0-4C26-961D-CEF750FE42D3}.Debug|Any CPU.ActiveCfg = Debug|Any CPU
		{89A64B61-C9D0-4C26-961D-CEF750FE42D3}.Debug|Any CPU.Build.0 = Debug|Any CPU
		{89A64B61-C9D0-4C26-961D-CEF750FE42D3}.Release|Any CPU.ActiveCfg = Release|Any CPU
		{89A64B61-C9D0-4C26-961D-CEF750FE42D3}.Release|Any CPU.Build.0 = Release|Any CPU
		{AB438AC8-F4F5-486F-8EE8-F0AAFE272F85}.Debug|Any CPU.ActiveCfg = Debug|Any CPU
		{AB438AC8-F4F5-486F-8EE8-F0AAFE272F85}.Debug|Any CPU.Build.0 = Debug|Any CPU
		{AB438AC8-F4F5-486F-8EE8-F0AAFE272F85}.Release|Any CPU.ActiveCfg = Release|Any CPU
		{AB438AC8-F4F5-486F-8EE8-F0AAFE272F85}.Release|Any CPU.Build.0 = Release|Any CPU
		{BB618765-6DB5-46E9-BB5A-6BC251E6BA12}.Debug|Any CPU.ActiveCfg = Debug|Any CPU
		{BB618765-6DB5-46E9-BB5A-6BC251E6BA12}.Debug|Any CPU.Build.0 = Debug|Any CPU
		{BB618765-6DB5-46E9-BB5A-6BC251E6BA12}.Release|Any CPU.ActiveCfg = Release|Any CPU
		{BB618765-6DB5-46E9-BB5A-6BC251E6BA12}.Release|Any CPU.Build.0 = Release|Any CPU
	EndGlobalSection
	GlobalSection(SolutionProperties) = preSolution
		HideSolutionNode = FALSE
	EndGlobalSection
	GlobalSection(ExtensibilityGlobals) = postSolution
		SolutionGuid = {A169261B-5F96-4A7E-B27C-48E60C3E259E}
	EndGlobalSection
EndGlobal
